
Microsoft Visual Studio Solution File, Format Version 12.00
# Visual Studio Version 17
VisualStudioVersion = 17.11.35312.102
MinimumVisualStudioVersion = 10.0.40219.1
Project("{FAE04EC0-301F-11D3-BF4B-00C04F79EFBC}") = "ConsoleUI", "ConsoleUI\ConsoleUI.csproj", "{CFE841AA-269A-4152-A3F3-9FA876FE9C42}"
EndProject
Global
	GlobalSection(SolutionConfigurationPlatforms) = preSolution
		Debug|Any CPU = Debug|Any CPU
		Release|Any CPU = Release|Any CPU
	EndGlobalSection
	GlobalSection(ProjectConfigurationPlatforms) = postSolution
		{CFE841AA-269A-4152-A3F3-9FA876FE9C42}.Debug|Any CPU.ActiveCfg = Debug|Any CPU
		{CFE841AA-269A-4152-A3F3-9FA876FE9C42}.Debug|Any CPU.Build.0 = Debug|Any CPU
		{CFE841AA-269A-4152-A3F3-9FA876FE9C42}.Release|Any CPU.ActiveCfg = Release|Any CPU
		{CFE841AA-269A-4152-A3F3-9FA876FE9C42}.Release|Any CPU.Build.0 = Release|Any CPU
	EndGlobalSection
	GlobalSection(SolutionProperties) = preSolution
		HideSolutionNode = FALSE
	EndGlobalSection
	GlobalSection(ExtensibilityGlobals) = postSolution
		SolutionGuid = {DA933FA2-26BA-4539-A266-E25AF2DEA9C4}
	EndGlobalSection
EndGlobal
