
Microsoft Visual Studio Solution File, Format Version 12.00
# Visual Studio Version 17
VisualStudioVersion = 17.12.35527.113 d17.12
MinimumVisualStudioVersion = 10.0.40219.1
Project("{FAE04EC0-301F-11D3-BF4B-00C04F79EFBC}") = "Generics Demo", "Generics Demo\Generics Demo.csproj", "{BEC57A75-9D84-449D-95B3-7CB1F3BD929D}"
EndProject
Global
	GlobalSection(SolutionConfigurationPlatforms) = preSolution
		Debug|Any CPU = Debug|Any CPU
		Release|Any CPU = Release|Any CPU
	EndGlobalSection
	GlobalSection(ProjectConfigurationPlatforms) = postSolution
		{BEC57A75-9D84-449D-95B3-7CB1F3BD929D}.Debug|Any CPU.ActiveCfg = Debug|Any CPU
		{BEC57A75-9D84-449D-95B3-7CB1F3BD929D}.Debug|Any CPU.Build.0 = Debug|Any CPU
		{BEC57A75-9D84-449D-95B3-7CB1F3BD929D}.Release|Any CPU.ActiveCfg = Release|Any CPU
		{BEC57A75-9D84-449D-95B3-7CB1F3BD929D}.Release|Any CPU.Build.0 = Release|Any CPU
	EndGlobalSection
	GlobalSection(SolutionProperties) = preSolution
		HideSolutionNode = FALSE
	EndGlobalSection
EndGlobal
