
Microsoft Visual Studio Solution File, Format Version 12.00
# Visual Studio Version 17
VisualStudioVersion = 17.11.35312.102
MinimumVisualStudioVersion = 10.0.40219.1
Project("{FAE04EC0-301F-11D3-BF4B-00C04F79EFBC}") = "ConsoleUI", "ConsoleUI\ConsoleUI.csproj", "{BD58D70E-9C81-43AF-9BCD-38E430F4C559}"
EndProject
Global
	GlobalSection(SolutionConfigurationPlatforms) = preSolution
		Debug|Any CPU = Debug|Any CPU
		Release|Any CPU = Release|Any CPU
	EndGlobalSection
	GlobalSection(ProjectConfigurationPlatforms) = postSolution
		{BD58D70E-9C81-43AF-9BCD-38E430F4C559}.Debug|Any CPU.ActiveCfg = Debug|Any CPU
		{BD58D70E-9C81-43AF-9BCD-38E430F4C559}.Debug|Any CPU.Build.0 = Debug|Any CPU
		{BD58D70E-9C81-43AF-9BCD-38E430F4C559}.Release|Any CPU.ActiveCfg = Release|Any CPU
		{BD58D70E-9C81-43AF-9BCD-38E430F4C559}.Release|Any CPU.Build.0 = Release|Any CPU
	EndGlobalSection
	GlobalSection(SolutionProperties) = preSolution
		HideSolutionNode = FALSE
	EndGlobalSection
	GlobalSection(ExtensibilityGlobals) = postSolution
		SolutionGuid = {176DB100-C305-45BA-9756-1B04568C6E5A}
	EndGlobalSection
EndGlobal
