
Microsoft Visual Studio Solution File, Format Version 12.00
# Visual Studio Version 17
VisualStudioVersion = 17.11.35312.102
MinimumVisualStudioVersion = 10.0.40219.1
Project("{FAE04EC0-301F-11D3-BF4B-00C04F79EFBC}") = "ConsoleUI", "ConsoleUI\ConsoleUI.csproj", "{8791B603-8B2D-44D5-8AE0-D2875205B972}"
EndProject
Project("{FAE04EC0-301F-11D3-BF4B-00C04F79EFBC}") = "GuestBookLibrary", "GuestBookLibrary\GuestBookLibrary.csproj", "{B718B726-280C-4C9C-8358-EB548C7891A2}"
EndProject
Global
	GlobalSection(SolutionConfigurationPlatforms) = preSolution
		Debug|Any CPU = Debug|Any CPU
		Release|Any CPU = Release|Any CPU
	EndGlobalSection
	GlobalSection(ProjectConfigurationPlatforms) = postSolution
		{8791B603-8B2D-44D5-8AE0-D2875205B972}.Debug|Any CPU.ActiveCfg = Debug|Any CPU
		{8791B603-8B2D-44D5-8AE0-D2875205B972}.Debug|Any CPU.Build.0 = Debug|Any CPU
		{8791B603-8B2D-44D5-8AE0-D2875205B972}.Release|Any CPU.ActiveCfg = Release|Any CPU
		{8791B603-8B2D-44D5-8AE0-D2875205B972}.Release|Any CPU.Build.0 = Release|Any CPU
		{B718B726-280C-4C9C-8358-EB548C7891A2}.Debug|Any CPU.ActiveCfg = Debug|Any CPU
		{B718B726-280C-4C9C-8358-EB548C7891A2}.Debug|Any CPU.Build.0 = Debug|Any CPU
		{B718B726-280C-4C9C-8358-EB548C7891A2}.Release|Any CPU.ActiveCfg = Release|Any CPU
		{B718B726-280C-4C9C-8358-EB548C7891A2}.Release|Any CPU.Build.0 = Release|Any CPU
	EndGlobalSection
	GlobalSection(SolutionProperties) = preSolution
		HideSolutionNode = FALSE
	EndGlobalSection
	GlobalSection(ExtensibilityGlobals) = postSolution
		SolutionGuid = {7CF9D250-7723-4E52-846E-486667B22097}
	EndGlobalSection
EndGlobal
