
Microsoft Visual Studio Solution File, Format Version 12.00
# Visual Studio Version 17
VisualStudioVersion = 17.11.35312.102
MinimumVisualStudioVersion = 10.0.40219.1
Project("{FAE04EC0-301F-11D3-BF4B-00C04F79EFBC}") = "ConsoleUI", "ConsoleUI\ConsoleUI.csproj", "{4F0B843D-A38A-4554-8DC4-F26E1E262A91}"
EndProject
Global
	GlobalSection(SolutionConfigurationPlatforms) = preSolution
		Debug|Any CPU = Debug|Any CPU
		Release|Any CPU = Release|Any CPU
	EndGlobalSection
	GlobalSection(ProjectConfigurationPlatforms) = postSolution
		{4F0B843D-A38A-4554-8DC4-F26E1E262A91}.Debug|Any CPU.ActiveCfg = Debug|Any CPU
		{4F0B843D-A38A-4554-8DC4-F26E1E262A91}.Debug|Any CPU.Build.0 = Debug|Any CPU
		{4F0B843D-A38A-4554-8DC4-F26E1E262A91}.Release|Any CPU.ActiveCfg = Release|Any CPU
		{4F0B843D-A38A-4554-8DC4-F26E1E262A91}.Release|Any CPU.Build.0 = Release|Any CPU
	EndGlobalSection
	GlobalSection(SolutionProperties) = preSolution
		HideSolutionNode = FALSE
	EndGlobalSection
	GlobalSection(ExtensibilityGlobals) = postSolution
		SolutionGuid = {170A7A5C-BEF3-46F5-9DCC-B053A1995182}
	EndGlobalSection
EndGlobal
