
Microsoft Visual Studio Solution File, Format Version 12.00
# Visual Studio Version 17
VisualStudioVersion = 17.11.35312.102
MinimumVisualStudioVersion = 10.0.40219.1
Project("{FAE04EC0-301F-11D3-BF4B-00C04F79EFBC}") = "ConsoleUI", "ConsoleUI\ConsoleUI.csproj", "{4C15DAEE-8F52-4FC2-96B4-81224DE2088C}"
EndProject
Global
	GlobalSection(SolutionConfigurationPlatforms) = preSolution
		Debug|Any CPU = Debug|Any CPU
		Release|Any CPU = Release|Any CPU
	EndGlobalSection
	GlobalSection(ProjectConfigurationPlatforms) = postSolution
		{4C15DAEE-8F52-4FC2-96B4-81224DE2088C}.Debug|Any CPU.ActiveCfg = Debug|Any CPU
		{4C15DAEE-8F52-4FC2-96B4-81224DE2088C}.Debug|Any CPU.Build.0 = Debug|Any CPU
		{4C15DAEE-8F52-4FC2-96B4-81224DE2088C}.Release|Any CPU.ActiveCfg = Release|Any CPU
		{4C15DAEE-8F52-4FC2-96B4-81224DE2088C}.Release|Any CPU.Build.0 = Release|Any CPU
	EndGlobalSection
	GlobalSection(SolutionProperties) = preSolution
		HideSolutionNode = FALSE
	EndGlobalSection
	GlobalSection(ExtensibilityGlobals) = postSolution
		SolutionGuid = {9E658C04-CBDB-46B2-882E-4CDB6CB792DD}
	EndGlobalSection
EndGlobal
